// !$*UTF8*$!
{
	archiveVersion = 1;
	classes = {
	};
	objectVersion = 46;
	objects = {

/* Begin PBXBuildFile section */
		442EA5E71A44A6ED00CEB3CB /* ChatData.m in Sources */ = {isa = PBXBuildFile; fileRef = 442EA5E61A44A6ED00CEB3CB /* ChatData.m */; };
		4434B5B61A3FBB7100687081 /* main.m in Sources */ = {isa = PBXBuildFile; fileRef = 4434B5B51A3FBB7100687081 /* main.m */; };
		4434B5B91A3FBB7100687081 /* AppDelegate.m in Sources */ = {isa = PBXBuildFile; fileRef = 4434B5B81A3FBB7100687081 /* AppDelegate.m */; };
		4434B5C11A3FBB7100687081 /* Images.xcassets in Resources */ = {isa = PBXBuildFile; fileRef = 4434B5C01A3FBB7100687081 /* Images.xcassets */; };
		4434B5C41A3FBB7100687081 /* LaunchScreen.xib in Resources */ = {isa = PBXBuildFile; fileRef = 4434B5C21A3FBB7100687081 /* LaunchScreen.xib */; };
		4434B5D01A3FBB7100687081 /* IOSProgrammerTestTests.m in Sources */ = {isa = PBXBuildFile; fileRef = 4434B5CF1A3FBB7100687081 /* IOSProgrammerTestTests.m */; };
		CC6EED291AEBEF980084BCA4 /* Jelloween - Machinato Bold Italic.ttf in Resources */ = {isa = PBXBuildFile; fileRef = CC6EED1F1AEBEF860084BCA4 /* Jelloween - Machinato Bold Italic.ttf */; };
		CC6EED2A1AEBEF980084BCA4 /* Jelloween - Machinato Bold.ttf in Resources */ = {isa = PBXBuildFile; fileRef = CC6EED201AEBEF860084BCA4 /* Jelloween - Machinato Bold.ttf */; };
		CC6EED2B1AEBEF980084BCA4 /* Jelloween - Machinato ExtraLight Italic.ttf in Resources */ = {isa = PBXBuildFile; fileRef = CC6EED211AEBEF860084BCA4 /* Jelloween - Machinato ExtraLight Italic.ttf */; };
		CC6EED2C1AEBEF980084BCA4 /* Jelloween - Machinato ExtraLight.ttf in Resources */ = {isa = PBXBuildFile; fileRef = CC6EED221AEBEF870084BCA4 /* Jelloween - Machinato ExtraLight.ttf */; };
		CC6EED2D1AEBEF980084BCA4 /* Jelloween - Machinato Italic.ttf in Resources */ = {isa = PBXBuildFile; fileRef = CC6EED231AEBEF870084BCA4 /* Jelloween - Machinato Italic.ttf */; };
		CC6EED2E1AEBEF980084BCA4 /* Jelloween - Machinato Light Italic.ttf in Resources */ = {isa = PBXBuildFile; fileRef = CC6EED241AEBEF870084BCA4 /* Jelloween - Machinato Light Italic.ttf */; };
		CC6EED2F1AEBEF980084BCA4 /* Jelloween - Machinato Light.ttf in Resources */ = {isa = PBXBuildFile; fileRef = CC6EED251AEBEF870084BCA4 /* Jelloween - Machinato Light.ttf */; };
		CC6EED301AEBEF980084BCA4 /* Jelloween - Machinato SemiBold Italic.ttf in Resources */ = {isa = PBXBuildFile; fileRef = CC6EED261AEBEF870084BCA4 /* Jelloween - Machinato SemiBold Italic.ttf */; };
		CC6EED311AEBEF980084BCA4 /* Jelloween - Machinato SemiBold.ttf in Resources */ = {isa = PBXBuildFile; fileRef = CC6EED271AEBEF870084BCA4 /* Jelloween - Machinato SemiBold.ttf */; };
		CC6EED321AEBEF980084BCA4 /* Jelloween - Machinato.ttf in Resources */ = {isa = PBXBuildFile; fileRef = CC6EED281AEBEF870084BCA4 /* Jelloween - Machinato.ttf */; };
		CC6EED361AEC66A50084BCA4 /* NetworkConnectivityClass.m in Sources */ = {isa = PBXBuildFile; fileRef = CC6EED351AEC66A50084BCA4 /* NetworkConnectivityClass.m */; };
		DC932C181A40A50A000035B7 /* AnimationSectionViewController.m in Sources */ = {isa = PBXBuildFile; fileRef = DC932C071A40A50A000035B7 /* AnimationSectionViewController.m */; };
		DC932C191A40A50A000035B7 /* AnimationSectionViewController.xib in Resources */ = {isa = PBXBuildFile; fileRef = DC932C081A40A50A000035B7 /* AnimationSectionViewController.xib */; };
		DC932C1A1A40A50A000035B7 /* LoginSectionViewController.m in Sources */ = {isa = PBXBuildFile; fileRef = DC932C0B1A40A50A000035B7 /* LoginSectionViewController.m */; };
		DC932C1B1A40A50A000035B7 /* LoginSectionViewController.xib in Resources */ = {isa = PBXBuildFile; fileRef = DC932C0C1A40A50A000035B7 /* LoginSectionViewController.xib */; };
		DC932C1C1A40A50A000035B7 /* MainMenuViewController.m in Sources */ = {isa = PBXBuildFile; fileRef = DC932C0F1A40A50A000035B7 /* MainMenuViewController.m */; };
		DC932C1D1A40A50A000035B7 /* MainMenuViewController.xib in Resources */ = {isa = PBXBuildFile; fileRef = DC932C101A40A50A000035B7 /* MainMenuViewController.xib */; };
		DC932C1E1A40A50A000035B7 /* ChatCell.m in Sources */ = {isa = PBXBuildFile; fileRef = DC932C131A40A50A000035B7 /* ChatCell.m */; };
		DC932C1F1A40A50A000035B7 /* ChatCell.xib in Resources */ = {isa = PBXBuildFile; fileRef = DC932C141A40A50A000035B7 /* ChatCell.xib */; };
		DC932C201A40A50A000035B7 /* ChatSectionViewController.m in Sources */ = {isa = PBXBuildFile; fileRef = DC932C161A40A50A000035B7 /* ChatSectionViewController.m */; };
		DC932C211A40A50A000035B7 /* ChatSectionViewController.xib in Resources */ = {isa = PBXBuildFile; fileRef = DC932C171A40A50A000035B7 /* ChatSectionViewController.xib */; };
		DC932C3C1A41FDC9000035B7 /* chatData.json in Resources */ = {isa = PBXBuildFile; fileRef = DC932C3B1A41FDC9000035B7 /* chatData.json */; };
/* End PBXBuildFile section */

/* Begin PBXContainerItemProxy section */
		4434B5CA1A3FBB7100687081 /* PBXContainerItemProxy */ = {
			isa = PBXContainerItemProxy;
			containerPortal = 4434B5A81A3FBB7100687081 /* Project object */;
			proxyType = 1;
			remoteGlobalIDString = 4434B5AF1A3FBB7100687081;
			remoteInfo = IOSProgrammerTest;
		};
/* End PBXContainerItemProxy section */

/* Begin PBXFileReference section */
		442EA5E51A44A6ED00CEB3CB /* ChatData.h */ = {isa = PBXFileReference; fileEncoding = 4; lastKnownFileType = sourcecode.c.h; path = ChatData.h; sourceTree = "<group>"; };
		442EA5E61A44A6ED00CEB3CB /* ChatData.m */ = {isa = PBXFileReference; fileEncoding = 4; lastKnownFileType = sourcecode.c.objc; path = ChatData.m; sourceTree = "<group>"; };
		4434B5B01A3FBB7100687081 /* IOSProgrammerTest.app */ = {isa = PBXFileReference; explicitFileType = wrapper.application; includeInIndex = 0; path = IOSProgrammerTest.app; sourceTree = BUILT_PRODUCTS_DIR; };
		4434B5B41A3FBB7100687081 /* Info.plist */ = {isa = PBXFileReference; lastKnownFileType = text.plist.xml; path = Info.plist; sourceTree = "<group>"; };
		4434B5B51A3FBB7100687081 /* main.m */ = {isa = PBXFileReference; lastKnownFileType = sourcecode.c.objc; path = main.m; sourceTree = "<group>"; };
		4434B5B71A3FBB7100687081 /* AppDelegate.h */ = {isa = PBXFileReference; lastKnownFileType = sourcecode.c.h; path = AppDelegate.h; sourceTree = "<group>"; };
		4434B5B81A3FBB7100687081 /* AppDelegate.m */ = {isa = PBXFileReference; lastKnownFileType = sourcecode.c.objc; path = AppDelegate.m; sourceTree = "<group>"; };
		4434B5C01A3FBB7100687081 /* Images.xcassets */ = {isa = PBXFileReference; lastKnownFileType = folder.assetcatalog; path = Images.xcassets; sourceTree = "<group>"; };
		4434B5C31A3FBB7100687081 /* Base */ = {isa = PBXFileReference; lastKnownFileType = file.xib; name = Base; path = Base.lproj/LaunchScreen.xib; sourceTree = "<group>"; };
		4434B5C91A3FBB7100687081 /* IOSProgrammerTestTests.xctest */ = {isa = PBXFileReference; explicitFileType = wrapper.cfbundle; includeInIndex = 0; path = IOSProgrammerTestTests.xctest; sourceTree = BUILT_PRODUCTS_DIR; };
		4434B5CE1A3FBB7100687081 /* Info.plist */ = {isa = PBXFileReference; lastKnownFileType = text.plist.xml; path = Info.plist; sourceTree = "<group>"; };
		4434B5CF1A3FBB7100687081 /* IOSProgrammerTestTests.m */ = {isa = PBXFileReference; lastKnownFileType = sourcecode.c.objc; path = IOSProgrammerTestTests.m; sourceTree = "<group>"; };
		CC6EED1F1AEBEF860084BCA4 /* Jelloween - Machinato Bold Italic.ttf */ = {isa = PBXFileReference; lastKnownFileType = file; path = "Jelloween - Machinato Bold Italic.ttf"; sourceTree = "<group>"; };
		CC6EED201AEBEF860084BCA4 /* Jelloween - Machinato Bold.ttf */ = {isa = PBXFileReference; lastKnownFileType = file; path = "Jelloween - Machinato Bold.ttf"; sourceTree = "<group>"; };
		CC6EED211AEBEF860084BCA4 /* Jelloween - Machinato ExtraLight Italic.ttf */ = {isa = PBXFileReference; lastKnownFileType = file; path = "Jelloween - Machinato ExtraLight Italic.ttf"; sourceTree = "<group>"; };
		CC6EED221AEBEF870084BCA4 /* Jelloween - Machinato ExtraLight.ttf */ = {isa = PBXFileReference; lastKnownFileType = file; path = "Jelloween - Machinato ExtraLight.ttf"; sourceTree = "<group>"; };
		CC6EED231AEBEF870084BCA4 /* Jelloween - Machinato Italic.ttf */ = {isa = PBXFileReference; lastKnownFileType = file; path = "Jelloween - Machinato Italic.ttf"; sourceTree = "<group>"; };
		CC6EED241AEBEF870084BCA4 /* Jelloween - Machinato Light Italic.ttf */ = {isa = PBXFileReference; lastKnownFileType = file; path = "Jelloween - Machinato Light Italic.ttf"; sourceTree = "<group>"; };
		CC6EED251AEBEF870084BCA4 /* Jelloween - Machinato Light.ttf */ = {isa = PBXFileReference; lastKnownFileType = file; path = "Jelloween - Machinato Light.ttf"; sourceTree = "<group>"; };
		CC6EED261AEBEF870084BCA4 /* Jelloween - Machinato SemiBold Italic.ttf */ = {isa = PBXFileReference; lastKnownFileType = file; path = "Jelloween - Machinato SemiBold Italic.ttf"; sourceTree = "<group>"; };
		CC6EED271AEBEF870084BCA4 /* Jelloween - Machinato SemiBold.ttf */ = {isa = PBXFileReference; lastKnownFileType = file; path = "Jelloween - Machinato SemiBold.ttf"; sourceTree = "<group>"; };
		CC6EED281AEBEF870084BCA4 /* Jelloween - Machinato.ttf */ = {isa = PBXFileReference; lastKnownFileType = file; path = "Jelloween - Machinato.ttf"; sourceTree = "<group>"; };
		CC6EED341AEC66A50084BCA4 /* NetworkConnectivityClass.h */ = {isa = PBXFileReference; fileEncoding = 4; lastKnownFileType = sourcecode.c.h; path = NetworkConnectivityClass.h; sourceTree = "<group>"; };
		CC6EED351AEC66A50084BCA4 /* NetworkConnectivityClass.m */ = {isa = PBXFileReference; fileEncoding = 4; lastKnownFileType = sourcecode.c.objc; path = NetworkConnectivityClass.m; sourceTree = "<group>"; };
		DC932C061A40A50A000035B7 /* AnimationSectionViewController.h */ = {isa = PBXFileReference; fileEncoding = 4; lastKnownFileType = sourcecode.c.h; path = AnimationSectionViewController.h; sourceTree = "<group>"; };
		DC932C071A40A50A000035B7 /* AnimationSectionViewController.m */ = {isa = PBXFileReference; fileEncoding = 4; lastKnownFileType = sourcecode.c.objc; path = AnimationSectionViewController.m; sourceTree = "<group>"; };
		DC932C081A40A50A000035B7 /* AnimationSectionViewController.xib */ = {isa = PBXFileReference; fileEncoding = 4; lastKnownFileType = file.xib; path = AnimationSectionViewController.xib; sourceTree = "<group>"; };
		DC932C0A1A40A50A000035B7 /* LoginSectionViewController.h */ = {isa = PBXFileReference; fileEncoding = 4; lastKnownFileType = sourcecode.c.h; path = LoginSectionViewController.h; sourceTree = "<group>"; };
		DC932C0B1A40A50A000035B7 /* LoginSectionViewController.m */ = {isa = PBXFileReference; fileEncoding = 4; lastKnownFileType = sourcecode.c.objc; path = LoginSectionViewController.m; sourceTree = "<group>"; };
		DC932C0C1A40A50A000035B7 /* LoginSectionViewController.xib */ = {isa = PBXFileReference; fileEncoding = 4; lastKnownFileType = file.xib; path = LoginSectionViewController.xib; sourceTree = "<group>"; };
		DC932C0E1A40A50A000035B7 /* MainMenuViewController.h */ = {isa = PBXFileReference; fileEncoding = 4; lastKnownFileType = sourcecode.c.h; path = MainMenuViewController.h; sourceTree = "<group>"; };
		DC932C0F1A40A50A000035B7 /* MainMenuViewController.m */ = {isa = PBXFileReference; fileEncoding = 4; lastKnownFileType = sourcecode.c.objc; path = MainMenuViewController.m; sourceTree = "<group>"; };
		DC932C101A40A50A000035B7 /* MainMenuViewController.xib */ = {isa = PBXFileReference; fileEncoding = 4; lastKnownFileType = file.xib; path = MainMenuViewController.xib; sourceTree = "<group>"; };
		DC932C121A40A50A000035B7 /* ChatCell.h */ = {isa = PBXFileReference; fileEncoding = 4; lastKnownFileType = sourcecode.c.h; path = ChatCell.h; sourceTree = "<group>"; };
		DC932C131A40A50A000035B7 /* ChatCell.m */ = {isa = PBXFileReference; fileEncoding = 4; lastKnownFileType = sourcecode.c.objc; path = ChatCell.m; sourceTree = "<group>"; };
		DC932C141A40A50A000035B7 /* ChatCell.xib */ = {isa = PBXFileReference; fileEncoding = 4; lastKnownFileType = file.xib; path = ChatCell.xib; sourceTree = "<group>"; };
		DC932C151A40A50A000035B7 /* ChatSectionViewController.h */ = {isa = PBXFileReference; fileEncoding = 4; lastKnownFileType = sourcecode.c.h; path = ChatSectionViewController.h; sourceTree = "<group>"; };
		DC932C161A40A50A000035B7 /* ChatSectionViewController.m */ = {isa = PBXFileReference; fileEncoding = 4; lastKnownFileType = sourcecode.c.objc; path = ChatSectionViewController.m; sourceTree = "<group>"; };
		DC932C171A40A50A000035B7 /* ChatSectionViewController.xib */ = {isa = PBXFileReference; fileEncoding = 4; lastKnownFileType = file.xib; path = ChatSectionViewController.xib; sourceTree = "<group>"; };
		DC932C3B1A41FDC9000035B7 /* chatData.json */ = {isa = PBXFileReference; fileEncoding = 4; lastKnownFileType = text.json; path = chatData.json; sourceTree = "<group>"; };
/* End PBXFileReference section */

/* Begin PBXFrameworksBuildPhase section */
		4434B5AD1A3FBB7100687081 /* Frameworks */ = {
			isa = PBXFrameworksBuildPhase;
			buildActionMask = 2147483647;
			files = (
			);
			runOnlyForDeploymentPostprocessing = 0;
		};
		4434B5C61A3FBB7100687081 /* Frameworks */ = {
			isa = PBXFrameworksBuildPhase;
			buildActionMask = 2147483647;
			files = (
			);
			runOnlyForDeploymentPostprocessing = 0;
		};
/* End PBXFrameworksBuildPhase section */

/* Begin PBXGroup section */
		4434B5A71A3FBB7100687081 = {
			isa = PBXGroup;
			children = (
				4434B5B21A3FBB7100687081 /* IOSProgrammerTest */,
				4434B5CC1A3FBB7100687081 /* IOSProgrammerTestTests */,
				4434B5B11A3FBB7100687081 /* Products */,
			);
			sourceTree = "<group>";
		};
		4434B5B11A3FBB7100687081 /* Products */ = {
			isa = PBXGroup;
			children = (
				4434B5B01A3FBB7100687081 /* IOSProgrammerTest.app */,
				4434B5C91A3FBB7100687081 /* IOSProgrammerTestTests.xctest */,
			);
			name = Products;
			sourceTree = "<group>";
		};
		4434B5B21A3FBB7100687081 /* IOSProgrammerTest */ = {
			isa = PBXGroup;
			children = (
				CC6EED331AEC5CDF0084BCA4 /* Modal / Network Layer */,
				CC6EED1E1AEBEF790084BCA4 /* Resources */,
				DC932C0D1A40A50A000035B7 /* Main Menu */,
				DC932C051A40A50A000035B7 /* Animation Section */,
				DC932C091A40A50A000035B7 /* Login Section */,
				DC932C111A40A50A000035B7 /* Table Section */,
				4434B5B71A3FBB7100687081 /* AppDelegate.h */,
				4434B5B81A3FBB7100687081 /* AppDelegate.m */,
				4434B5C21A3FBB7100687081 /* LaunchScreen.xib */,
				4434B5C01A3FBB7100687081 /* Images.xcassets */,
				4434B5B31A3FBB7100687081 /* Supporting Files */,
			);
			path = IOSProgrammerTest;
			sourceTree = "<group>";
		};
		4434B5B31A3FBB7100687081 /* Supporting Files */ = {
			isa = PBXGroup;
			children = (
				4434B5B41A3FBB7100687081 /* Info.plist */,
				4434B5B51A3FBB7100687081 /* main.m */,
			);
			name = "Supporting Files";
			sourceTree = "<group>";
		};
		4434B5CC1A3FBB7100687081 /* IOSProgrammerTestTests */ = {
			isa = PBXGroup;
			children = (
				4434B5CF1A3FBB7100687081 /* IOSProgrammerTestTests.m */,
				4434B5CD1A3FBB7100687081 /* Supporting Files */,
			);
			path = IOSProgrammerTestTests;
			sourceTree = "<group>";
		};
		4434B5CD1A3FBB7100687081 /* Supporting Files */ = {
			isa = PBXGroup;
			children = (
				4434B5CE1A3FBB7100687081 /* Info.plist */,
			);
			name = "Supporting Files";
			sourceTree = "<group>";
		};
		CC6EED1E1AEBEF790084BCA4 /* Resources */ = {
			isa = PBXGroup;
			children = (
				CC6EED1F1AEBEF860084BCA4 /* Jelloween - Machinato Bold Italic.ttf */,
				CC6EED201AEBEF860084BCA4 /* Jelloween - Machinato Bold.ttf */,
				CC6EED211AEBEF860084BCA4 /* Jelloween - Machinato ExtraLight Italic.ttf */,
				CC6EED221AEBEF870084BCA4 /* Jelloween - Machinato ExtraLight.ttf */,
				CC6EED231AEBEF870084BCA4 /* Jelloween - Machinato Italic.ttf */,
				CC6EED241AEBEF870084BCA4 /* Jelloween - Machinato Light Italic.ttf */,
				CC6EED251AEBEF870084BCA4 /* Jelloween - Machinato Light.ttf */,
				CC6EED261AEBEF870084BCA4 /* Jelloween - Machinato SemiBold Italic.ttf */,
				CC6EED271AEBEF870084BCA4 /* Jelloween - Machinato SemiBold.ttf */,
				CC6EED281AEBEF870084BCA4 /* Jelloween - Machinato.ttf */,
			);
			name = Resources;
			sourceTree = "<group>";
		};
		CC6EED331AEC5CDF0084BCA4 /* Modal / Network Layer */ = {
			isa = PBXGroup;
			children = (
				CC6EED341AEC66A50084BCA4 /* NetworkConnectivityClass.h */,
				CC6EED351AEC66A50084BCA4 /* NetworkConnectivityClass.m */,
			);
			name = "Modal / Network Layer";
			sourceTree = "<group>";
		};
		DC932C051A40A50A000035B7 /* Animation Section */ = {
			isa = PBXGroup;
			children = (
				DC932C061A40A50A000035B7 /* AnimationSectionViewController.h */,
				DC932C071A40A50A000035B7 /* AnimationSectionViewController.m */,
				DC932C081A40A50A000035B7 /* AnimationSectionViewController.xib */,
			);
			path = "Animation Section";
			sourceTree = "<group>";
		};
		DC932C091A40A50A000035B7 /* Login Section */ = {
			isa = PBXGroup;
			children = (
				DC932C0A1A40A50A000035B7 /* LoginSectionViewController.h */,
				DC932C0B1A40A50A000035B7 /* LoginSectionViewController.m */,
				DC932C0C1A40A50A000035B7 /* LoginSectionViewController.xib */,
			);
			name = "Login Section";
			path = "API Section";
			sourceTree = "<group>";
		};
		DC932C0D1A40A50A000035B7 /* Main Menu */ = {
			isa = PBXGroup;
			children = (
				DC932C0E1A40A50A000035B7 /* MainMenuViewController.h */,
				DC932C0F1A40A50A000035B7 /* MainMenuViewController.m */,
				DC932C101A40A50A000035B7 /* MainMenuViewController.xib */,
			);
			path = "Main Menu";
			sourceTree = "<group>";
		};
		DC932C111A40A50A000035B7 /* Table Section */ = {
			isa = PBXGroup;
			children = (
				DC932C3A1A41FDC9000035B7 /* JSON */,
				DC932C121A40A50A000035B7 /* ChatCell.h */,
				DC932C131A40A50A000035B7 /* ChatCell.m */,
				DC932C141A40A50A000035B7 /* ChatCell.xib */,
				DC932C151A40A50A000035B7 /* ChatSectionViewController.h */,
				DC932C161A40A50A000035B7 /* ChatSectionViewController.m */,
				DC932C171A40A50A000035B7 /* ChatSectionViewController.xib */,
				442EA5E51A44A6ED00CEB3CB /* ChatData.h */,
				442EA5E61A44A6ED00CEB3CB /* ChatData.m */,
			);
			path = "Table Section";
			sourceTree = "<group>";
		};
		DC932C3A1A41FDC9000035B7 /* JSON */ = {
			isa = PBXGroup;
			children = (
				DC932C3B1A41FDC9000035B7 /* chatData.json */,
			);
			name = JSON;
			path = "JSON data";
			sourceTree = "<group>";
		};
/* End PBXGroup section */

/* Begin PBXNativeTarget section */
		4434B5AF1A3FBB7100687081 /* IOSProgrammerTest */ = {
			isa = PBXNativeTarget;
			buildConfigurationList = 4434B5D31A3FBB7100687081 /* Build configuration list for PBXNativeTarget "IOSProgrammerTest" */;
			buildPhases = (
				4434B5AC1A3FBB7100687081 /* Sources */,
				4434B5AD1A3FBB7100687081 /* Frameworks */,
				4434B5AE1A3FBB7100687081 /* Resources */,
			);
			buildRules = (
			);
			dependencies = (
			);
			name = IOSProgrammerTest;
			productName = IOSProgrammerTest;
			productReference = 4434B5B01A3FBB7100687081 /* IOSProgrammerTest.app */;
			productType = "com.apple.product-type.application";
		};
		4434B5C81A3FBB7100687081 /* IOSProgrammerTestTests */ = {
			isa = PBXNativeTarget;
			buildConfigurationList = 4434B5D61A3FBB7100687081 /* Build configuration list for PBXNativeTarget "IOSProgrammerTestTests" */;
			buildPhases = (
				4434B5C51A3FBB7100687081 /* Sources */,
				4434B5C61A3FBB7100687081 /* Frameworks */,
				4434B5C71A3FBB7100687081 /* Resources */,
			);
			buildRules = (
			);
			dependencies = (
				4434B5CB1A3FBB7100687081 /* PBXTargetDependency */,
			);
			name = IOSProgrammerTestTests;
			productName = IOSProgrammerTestTests;
			productReference = 4434B5C91A3FBB7100687081 /* IOSProgrammerTestTests.xctest */;
			productType = "com.apple.product-type.bundle.unit-test";
		};
/* End PBXNativeTarget section */

/* Begin PBXProject section */
		4434B5A81A3FBB7100687081 /* Project object */ = {
			isa = PBXProject;
			attributes = {
				LastUpgradeCheck = 0610;
				ORGANIZATIONNAME = AppPartner;
				TargetAttributes = {
					4434B5AF1A3FBB7100687081 = {
						CreatedOnToolsVersion = 6.1.1;
					};
					4434B5C81A3FBB7100687081 = {
						CreatedOnToolsVersion = 6.1.1;
						TestTargetID = 4434B5AF1A3FBB7100687081;
					};
				};
			};
			buildConfigurationList = 4434B5AB1A3FBB7100687081 /* Build configuration list for PBXProject "IOSProgrammerTest" */;
			compatibilityVersion = "Xcode 3.2";
			developmentRegion = English;
			hasScannedForEncodings = 0;
			knownRegions = (
				en,
				Base,
			);
			mainGroup = 4434B5A71A3FBB7100687081;
			productRefGroup = 4434B5B11A3FBB7100687081 /* Products */;
			projectDirPath = "";
			projectRoot = "";
			targets = (
				4434B5AF1A3FBB7100687081 /* IOSProgrammerTest */,
				4434B5C81A3FBB7100687081 /* IOSProgrammerTestTests */,
			);
		};
/* End PBXProject section */

/* Begin PBXResourcesBuildPhase section */
		4434B5AE1A3FBB7100687081 /* Resources */ = {
			isa = PBXResourcesBuildPhase;
			buildActionMask = 2147483647;
			files = (
				CC6EED301AEBEF980084BCA4 /* Jelloween - Machinato SemiBold Italic.ttf in Resources */,
				CC6EED2E1AEBEF980084BCA4 /* Jelloween - Machinato Light Italic.ttf in Resources */,
				4434B5C41A3FBB7100687081 /* LaunchScreen.xib in Resources */,
				CC6EED2D1AEBEF980084BCA4 /* Jelloween - Machinato Italic.ttf in Resources */,
				CC6EED2F1AEBEF980084BCA4 /* Jelloween - Machinato Light.ttf in Resources */,
				DC932C211A40A50A000035B7 /* ChatSectionViewController.xib in Resources */,
				DC932C191A40A50A000035B7 /* AnimationSectionViewController.xib in Resources */,
				DC932C1F1A40A50A000035B7 /* ChatCell.xib in Resources */,
				4434B5C11A3FBB7100687081 /* Images.xcassets in Resources */,
				DC932C1D1A40A50A000035B7 /* MainMenuViewController.xib in Resources */,
				CC6EED291AEBEF980084BCA4 /* Jelloween - Machinato Bold Italic.ttf in Resources */,
				CC6EED2A1AEBEF980084BCA4 /* Jelloween - Machinato Bold.ttf in Resources */,
				DC932C1B1A40A50A000035B7 /* LoginSectionViewController.xib in Resources */,
				CC6EED321AEBEF980084BCA4 /* Jelloween - Machinato.ttf in Resources */,
				CC6EED311AEBEF980084BCA4 /* Jelloween - Machinato SemiBold.ttf in Resources */,
				CC6EED2B1AEBEF980084BCA4 /* Jelloween - Machinato ExtraLight Italic.ttf in Resources */,
				CC6EED2C1AEBEF980084BCA4 /* Jelloween - Machinato ExtraLight.ttf in Resources */,
				DC932C3C1A41FDC9000035B7 /* chatData.json in Resources */,
			);
			runOnlyForDeploymentPostprocessing = 0;
		};
		4434B5C71A3FBB7100687081 /* Resources */ = {
			isa = PBXResourcesBuildPhase;
			buildActionMask = 2147483647;
			files = (
			);
			runOnlyForDeploymentPostprocessing = 0;
		};
/* End PBXResourcesBuildPhase section */

/* Begin PBXSourcesBuildPhase section */
		4434B5AC1A3FBB7100687081 /* Sources */ = {
			isa = PBXSourcesBuildPhase;
			buildActionMask = 2147483647;
			files = (
				4434B5B91A3FBB7100687081 /* AppDelegate.m in Sources */,
				4434B5B61A3FBB7100687081 /* main.m in Sources */,
				DC932C181A40A50A000035B7 /* AnimationSectionViewController.m in Sources */,
				DC932C1A1A40A50A000035B7 /* LoginSectionViewController.m in Sources */,
				DC932C1E1A40A50A000035B7 /* ChatCell.m in Sources */,
				DC932C201A40A50A000035B7 /* ChatSectionViewController.m in Sources */,
				CC6EED361AEC66A50084BCA4 /* NetworkConnectivityClass.m in Sources */,
				DC932C1C1A40A50A000035B7 /* MainMenuViewController.m in Sources */,
				442EA5E71A44A6ED00CEB3CB /* ChatData.m in Sources */,
			);
			runOnlyForDeploymentPostprocessing = 0;
		};
		4434B5C51A3FBB7100687081 /* Sources */ = {
			isa = PBXSourcesBuildPhase;
			buildActionMask = 2147483647;
			files = (
				4434B5D01A3FBB7100687081 /* IOSProgrammerTestTests.m in Sources */,
			);
			runOnlyForDeploymentPostprocessing = 0;
		};
/* End PBXSourcesBuildPhase section */

/* Begin PBXTargetDependency section */
		4434B5CB1A3FBB7100687081 /* PBXTargetDependency */ = {
			isa = PBXTargetDependency;
			target = 4434B5AF1A3FBB7100687081 /* IOSProgrammerTest */;
			targetProxy = 4434B5CA1A3FBB7100687081 /* PBXContainerItemProxy */;
		};
/* End PBXTargetDependency section */

/* Begin PBXVariantGroup section */
		4434B5C21A3FBB7100687081 /* LaunchScreen.xib */ = {
			isa = PBXVariantGroup;
			children = (
				4434B5C31A3FBB7100687081 /* Base */,
			);
			name = LaunchScreen.xib;
			sourceTree = "<group>";
		};
/* End PBXVariantGroup section */

/* Begin XCBuildConfiguration section */
		4434B5D11A3FBB7100687081 /* Debug */ = {
			isa = XCBuildConfiguration;
			buildSettings = {
				ALWAYS_SEARCH_USER_PATHS = NO;
				CLANG_CXX_LANGUAGE_STANDARD = "gnu++0x";
				CLANG_CXX_LIBRARY = "libc++";
				CLANG_ENABLE_MODULES = YES;
				CLANG_ENABLE_OBJC_ARC = YES;
				CLANG_WARN_BOOL_CONVERSION = YES;
				CLANG_WARN_CONSTANT_CONVERSION = YES;
				CLANG_WARN_DIRECT_OBJC_ISA_USAGE = YES_ERROR;
				CLANG_WARN_EMPTY_BODY = YES;
				CLANG_WARN_ENUM_CONVERSION = YES;
				CLANG_WARN_INT_CONVERSION = YES;
				CLANG_WARN_OBJC_ROOT_CLASS = YES_ERROR;
				CLANG_WARN_UNREACHABLE_CODE = YES;
				CLANG_WARN__DUPLICATE_METHOD_MATCH = YES;
				"CODE_SIGN_IDENTITY[sdk=iphoneos*]" = "iPhone Developer";
				COPY_PHASE_STRIP = NO;
				ENABLE_STRICT_OBJC_MSGSEND = YES;
				GCC_C_LANGUAGE_STANDARD = gnu99;
				GCC_DYNAMIC_NO_PIC = NO;
				GCC_OPTIMIZATION_LEVEL = 0;
				GCC_PREPROCESSOR_DEFINITIONS = (
					"DEBUG=1",
					"$(inherited)",
				);
				GCC_SYMBOLS_PRIVATE_EXTERN = NO;
				GCC_WARN_64_TO_32_BIT_CONVERSION = YES;
				GCC_WARN_ABOUT_RETURN_TYPE = YES_ERROR;
				GCC_WARN_UNDECLARED_SELECTOR = YES;
				GCC_WARN_UNINITIALIZED_AUTOS = YES_AGGRESSIVE;
				GCC_WARN_UNUSED_FUNCTION = YES;
				GCC_WARN_UNUSED_VARIABLE = YES;
				IPHONEOS_DEPLOYMENT_TARGET = 8.1;
				MTL_ENABLE_DEBUG_INFO = YES;
				ONLY_ACTIVE_ARCH = YES;
				SDKROOT = iphoneos;
			};
			name = Debug;
		};
		4434B5D21A3FBB7100687081 /* Release */ = {
			isa = XCBuildConfiguration;
			buildSettings = {
				ALWAYS_SEARCH_USER_PATHS = NO;
				CLANG_CXX_LANGUAGE_STANDARD = "gnu++0x";
				CLANG_CXX_LIBRARY = "libc++";
				CLANG_ENABLE_MODULES = YES;
				CLANG_ENABLE_OBJC_ARC = YES;
				CLANG_WARN_BOOL_CONVERSION = YES;
				CLANG_WARN_CONSTANT_CONVERSION = YES;
				CLANG_WARN_DIRECT_OBJC_ISA_USAGE = YES_ERROR;
				CLANG_WARN_EMPTY_BODY = YES;
				CLANG_WARN_ENUM_CONVERSION = YES;
				CLANG_WARN_INT_CONVERSION = YES;
				CLANG_WARN_OBJC_ROOT_CLASS = YES_ERROR;
				CLANG_WARN_UNREACHABLE_CODE = YES;
				CLANG_WARN__DUPLICATE_METHOD_MATCH = YES;
				"CODE_SIGN_IDENTITY[sdk=iphoneos*]" = "iPhone Developer";
				COPY_PHASE_STRIP = YES;
				ENABLE_NS_ASSERTIONS = NO;
				ENABLE_STRICT_OBJC_MSGSEND = YES;
				GCC_C_LANGUAGE_STANDARD = gnu99;
				GCC_WARN_64_TO_32_BIT_CONVERSION = YES;
				GCC_WARN_ABOUT_RETURN_TYPE = YES_ERROR;
				GCC_WARN_UNDECLARED_SELECTOR = YES;
				GCC_WARN_UNINITIALIZED_AUTOS = YES_AGGRESSIVE;
				GCC_WARN_UNUSED_FUNCTION = YES;
				GCC_WARN_UNUSED_VARIABLE = YES;
				IPHONEOS_DEPLOYMENT_TARGET = 8.1;
				MTL_ENABLE_DEBUG_INFO = NO;
				SDKROOT = iphoneos;
				VALIDATE_PRODUCT = YES;
			};
			name = Release;
		};
		4434B5D41A3FBB7100687081 /* Debug */ = {
			isa = XCBuildConfiguration;
			buildSettings = {
				ASSETCATALOG_COMPILER_APPICON_NAME = AppIcon;
				INFOPLIST_FILE = IOSProgrammerTest/Info.plist;
				IPHONEOS_DEPLOYMENT_TARGET = 7.0;
				LD_RUNPATH_SEARCH_PATHS = "$(inherited) @executable_path/Frameworks";
				PRODUCT_NAME = "$(TARGET_NAME)";
			};
			name = Debug;
		};
		4434B5D51A3FBB7100687081 /* Release */ = {
			isa = XCBuildConfiguration;
			buildSettings = {
				ASSETCATALOG_COMPILER_APPICON_NAME = AppIcon;
				INFOPLIST_FILE = IOSProgrammerTest/Info.plist;
				IPHONEOS_DEPLOYMENT_TARGET = 7.0;
				LD_RUNPATH_SEARCH_PATHS = "$(inherited) @executable_path/Frameworks";
				PRODUCT_NAME = "$(TARGET_NAME)";
			};
			name = Release;
		};
		4434B5D71A3FBB7100687081 /* Debug */ = {
			isa = XCBuildConfiguration;
			buildSettings = {
				BUNDLE_LOADER = "$(TEST_HOST)";
				FRAMEWORK_SEARCH_PATHS = (
					"$(SDKROOT)/Developer/Library/Frameworks",
					"$(inherited)",
				);
				GCC_PREPROCESSOR_DEFINITIONS = (
					"DEBUG=1",
					"$(inherited)",
				);
				INFOPLIST_FILE = IOSProgrammerTestTests/Info.plist;
				LD_RUNPATH_SEARCH_PATHS = "$(inherited) @executable_path/Frameworks @loader_path/Frameworks";
				PRODUCT_NAME = "$(TARGET_NAME)";
				TEST_HOST = "$(BUILT_PRODUCTS_DIR)/IOSProgrammerTest.app/IOSProgrammerTest";
			};
			name = Debug;
		};
		4434B5D81A3FBB7100687081 /* Release */ = {
			isa = XCBuildConfiguration;
			buildSettings = {
				BUNDLE_LOADER = "$(TEST_HOST)";
				FRAMEWORK_SEARCH_PATHS = (
					"$(SDKROOT)/Developer/Library/Frameworks",
					"$(inherited)",
				);
				INFOPLIST_FILE = IOSProgrammerTestTests/Info.plist;
				LD_RUNPATH_SEARCH_PATHS = "$(inherited) @executable_path/Frameworks @loader_path/Frameworks";
				PRODUCT_NAME = "$(TARGET_NAME)";
				TEST_HOST = "$(BUILT_PRODUCTS_DIR)/IOSProgrammerTest.app/IOSProgrammerTest";
			};
			name = Release;
		};
/* End XCBuildConfiguration section */

/* Begin XCConfigurationList section */
		4434B5AB1A3FBB7100687081 /* Build configuration list for PBXProject "IOSProgrammerTest" */ = {
			isa = XCConfigurationList;
			buildConfigurations = (
				4434B5D11A3FBB7100687081 /* Debug */,
				4434B5D21A3FBB7100687081 /* Release */,
			);
			defaultConfigurationIsVisible = 0;
			defaultConfigurationName = Release;
		};
		4434B5D31A3FBB7100687081 /* Build configuration list for PBXNativeTarget "IOSProgrammerTest" */ = {
			isa = XCConfigurationList;
			buildConfigurations = (
				4434B5D41A3FBB7100687081 /* Debug */,
				4434B5D51A3FBB7100687081 /* Release */,
			);
			defaultConfigurationIsVisible = 0;
			defaultConfigurationName = Release;
		};
		4434B5D61A3FBB7100687081 /* Build configuration list for PBXNativeTarget "IOSProgrammerTestTests" */ = {
			isa = XCConfigurationList;
			buildConfigurations = (
				4434B5D71A3FBB7100687081 /* Debug */,
				4434B5D81A3FBB7100687081 /* Release */,
			);
			defaultConfigurationIsVisible = 0;
			defaultConfigurationName = Release;
		};
/* End XCConfigurationList section */
	};
	rootObject = 4434B5A81A3FBB7100687081 /* Project object */;
}
